// !$*UTF8*$!
{
	archiveVersion = 1;
	classes = {
	};
	objectVersion = 56;
	objects = {

/* Begin PBXBuildFile section */
		70E1FC4A2974EEA400EC84D2 /* AppDelegate.swift in Sources */ = {isa = PBXBuildFile; fileRef = 70E1FC492974EEA400EC84D2 /* AppDelegate.swift */; };
		70E1FC4C2974EEA400EC84D2 /* SceneDelegate.swift in Sources */ = {isa = PBXBuildFile; fileRef = 70E1FC4B2974EEA400EC84D2 /* SceneDelegate.swift */; };
		70E1FC4E2974EEA400EC84D2 /* MainViewController.swift in Sources */ = {isa = PBXBuildFile; fileRef = 70E1FC4D2974EEA400EC84D2 /* MainViewController.swift */; };
		70E1FC532974EEA500EC84D2 /* Assets.xcassets in Resources */ = {isa = PBXBuildFile; fileRef = 70E1FC522974EEA500EC84D2 /* Assets.xcassets */; };
		70E1FC562974EEA500EC84D2 /* LaunchScreen.storyboard in Resources */ = {isa = PBXBuildFile; fileRef = 70E1FC542974EEA500EC84D2 /* LaunchScreen.storyboard */; };
		70E1FC5F2974F0C200EC84D2 /* SnapKit in Frameworks */ = {isa = PBXBuildFile; productRef = 70E1FC5E2974F0C200EC84D2 /* SnapKit */; };
		70F2B2C32975149C00476D48 /* MainTableViewCustomCell.swift in Sources */ = {isa = PBXBuildFile; fileRef = 70F2B2C22975149C00476D48 /* MainTableViewCustomCell.swift */; };
		70F2B2C82975428A00476D48 /* MainTableViewCoustomCellModel.swift in Sources */ = {isa = PBXBuildFile; fileRef = 70F2B2C72975428A00476D48 /* MainTableViewCoustomCellModel.swift */; };
		70F2B2CA2976166400476D48 /* DetailViewController.swift in Sources */ = {isa = PBXBuildFile; fileRef = 70F2B2C92976166400476D48 /* DetailViewController.swift */; };
		70F2B2CC29762F8700476D48 /* DetailCollectionViewCustomCell.swift in Sources */ = {isa = PBXBuildFile; fileRef = 70F2B2CB29762F8700476D48 /* DetailCollectionViewCustomCell.swift */; };
		70F2B2D429764EA900476D48 /* Image+.swift in Sources */ = {isa = PBXBuildFile; fileRef = 70F2B2D329764EA900476D48 /* Image+.swift */; };
		70F2B2D62976501200476D48 /* UINavigationController+.swift in Sources */ = {isa = PBXBuildFile; fileRef = 70F2B2D52976501200476D48 /* UINavigationController+.swift */; };
/* End PBXBuildFile section */

/* Begin PBXFileReference section */
		70E1FC462974EEA400EC84D2 /* FlowRuyHaTestApp.app */ = {isa = PBXFileReference; explicitFileType = wrapper.application; includeInIndex = 0; path = FlowRuyHaTestApp.app; sourceTree = BUILT_PRODUCTS_DIR; };
		70E1FC492974EEA400EC84D2 /* AppDelegate.swift */ = {isa = PBXFileReference; lastKnownFileType = sourcecode.swift; path = AppDelegate.swift; sourceTree = "<group>"; };
		70E1FC4B2974EEA400EC84D2 /* SceneDelegate.swift */ = {isa = PBXFileReference; lastKnownFileType = sourcecode.swift; path = SceneDelegate.swift; sourceTree = "<group>"; };
		70E1FC4D2974EEA400EC84D2 /* MainViewController.swift */ = {isa = PBXFileReference; lastKnownFileType = sourcecode.swift; path = MainViewController.swift; sourceTree = "<group>"; };
		70E1FC522974EEA500EC84D2 /* Assets.xcassets */ = {isa = PBXFileReference; lastKnownFileType = folder.assetcatalog; path = Assets.xcassets; sourceTree = "<group>"; };
		70E1FC552974EEA500EC84D2 /* Base */ = {isa = PBXFileReference; lastKnownFileType = file.storyboard; name = Base; path = Base.lproj/LaunchScreen.storyboard; sourceTree = "<group>"; };
		70E1FC572974EEA500EC84D2 /* Info.plist */ = {isa = PBXFileReference; lastKnownFileType = text.plist.xml; path = Info.plist; sourceTree = "<group>"; };
		70F2B2C22975149C00476D48 /* MainTableViewCustomCell.swift */ = {isa = PBXFileReference; lastKnownFileType = sourcecode.swift; path = MainTableViewCustomCell.swift; sourceTree = "<group>"; };
		70F2B2C72975428A00476D48 /* MainTableViewCoustomCellModel.swift */ = {isa = PBXFileReference; lastKnownFileType = sourcecode.swift; path = MainTableViewCoustomCellModel.swift; sourceTree = "<group>"; };
		70F2B2C92976166400476D48 /* DetailViewController.swift */ = {isa = PBXFileReference; lastKnownFileType = sourcecode.swift; path = DetailViewController.swift; sourceTree = "<group>"; };
		70F2B2CB29762F8700476D48 /* DetailCollectionViewCustomCell.swift */ = {isa = PBXFileReference; lastKnownFileType = sourcecode.swift; path = DetailCollectionViewCustomCell.swift; sourceTree = "<group>"; };
		70F2B2D329764EA900476D48 /* Image+.swift */ = {isa = PBXFileReference; lastKnownFileType = sourcecode.swift; path = "Image+.swift"; sourceTree = "<group>"; };
		70F2B2D52976501200476D48 /* UINavigationController+.swift */ = {isa = PBXFileReference; lastKnownFileType = sourcecode.swift; path = "UINavigationController+.swift"; sourceTree = "<group>"; };
/* End PBXFileReference section */

/* Begin PBXFrameworksBuildPhase section */
		70E1FC432974EEA400EC84D2 /* Frameworks */ = {
			isa = PBXFrameworksBuildPhase;
			buildActionMask = 2147483647;
			files = (
				70E1FC5F2974F0C200EC84D2 /* SnapKit in Frameworks */,
			);
			runOnlyForDeploymentPostprocessing = 0;
		};
/* End PBXFrameworksBuildPhase section */

/* Begin PBXGroup section */
		70E1FC3D2974EEA400EC84D2 = {
			isa = PBXGroup;
			children = (
				70E1FC482974EEA400EC84D2 /* FlowRuyHaTestApp */,
				70E1FC472974EEA400EC84D2 /* Products */,
			);
			sourceTree = "<group>";
		};
		70E1FC472974EEA400EC84D2 /* Products */ = {
			isa = PBXGroup;
			children = (
				70E1FC462974EEA400EC84D2 /* FlowRuyHaTestApp.app */,
			);
			name = Products;
			sourceTree = "<group>";
		};
		70E1FC482974EEA400EC84D2 /* FlowRuyHaTestApp */ = {
			isa = PBXGroup;
			children = (
				70F2B2D229764E1600476D48 /* Extension */,
				70F2B2CF29764B6E00476D48 /* ViewController */,
				70F2B2D029764B8300476D48 /* Modell */,
				70F2B2D129764BA300476D48 /* CustomCell */,
				70E1FC492974EEA400EC84D2 /* AppDelegate.swift */,
				70E1FC4B2974EEA400EC84D2 /* SceneDelegate.swift */,
				70E1FC522974EEA500EC84D2 /* Assets.xcassets */,
				70E1FC542974EEA500EC84D2 /* LaunchScreen.storyboard */,
				70E1FC572974EEA500EC84D2 /* Info.plist */,
			);
			path = FlowRuyHaTestApp;
			sourceTree = "<group>";
		};
		70F2B2CF29764B6E00476D48 /* ViewController */ = {
			isa = PBXGroup;
			children = (
				70E1FC4D2974EEA400EC84D2 /* MainViewController.swift */,
				70F2B2C92976166400476D48 /* DetailViewController.swift */,
			);
			path = ViewController;
			sourceTree = "<group>";
		};
		70F2B2D029764B8300476D48 /* Modell */ = {
			isa = PBXGroup;
			children = (
				70F2B2C72975428A00476D48 /* MainTableViewCoustomCellModel.swift */,
			);
			path = Modell;
			sourceTree = "<group>";
		};
		70F2B2D129764BA300476D48 /* CustomCell */ = {
			isa = PBXGroup;
			children = (
				70F2B2C22975149C00476D48 /* MainTableViewCustomCell.swift */,
				70F2B2CB29762F8700476D48 /* DetailCollectionViewCustomCell.swift */,
			);
			path = CustomCell;
			sourceTree = "<group>";
		};
		70F2B2D229764E1600476D48 /* Extension */ = {
			isa = PBXGroup;
			children = (
				70F2B2D329764EA900476D48 /* Image+.swift */,
				70F2B2D52976501200476D48 /* UINavigationController+.swift */,
			);
			path = Extension;
			sourceTree = "<group>";
		};
/* End PBXGroup section */

/* Begin PBXNativeTarget section */
		70E1FC452974EEA400EC84D2 /* FlowRuyHaTestApp */ = {
			isa = PBXNativeTarget;
			buildConfigurationList = 70E1FC5A2974EEA500EC84D2 /* Build configuration list for PBXNativeTarget "FlowRuyHaTestApp" */;
			buildPhases = (
				70E1FC422974EEA400EC84D2 /* Sources */,
				70E1FC432974EEA400EC84D2 /* Frameworks */,
				70E1FC442974EEA400EC84D2 /* Resources */,
			);
			buildRules = (
			);
			dependencies = (
			);
			name = FlowRuyHaTestApp;
			packageProductDependencies = (
				70E1FC5E2974F0C200EC84D2 /* SnapKit */,
			);
			productName = FlowRuyHaTestApp;
			productReference = 70E1FC462974EEA400EC84D2 /* FlowRuyHaTestApp.app */;
			productType = "com.apple.product-type.application";
		};
/* End PBXNativeTarget section */

/* Begin PBXProject section */
		70E1FC3E2974EEA400EC84D2 /* Project object */ = {
			isa = PBXProject;
			attributes = {
				BuildIndependentTargetsInParallel = 1;
				LastSwiftUpdateCheck = 1400;
				LastUpgradeCheck = 1400;
				TargetAttributes = {
					70E1FC452974EEA400EC84D2 = {
						CreatedOnToolsVersion = 14.0.1;
					};
				};
			};
			buildConfigurationList = 70E1FC412974EEA400EC84D2 /* Build configuration list for PBXProject "FlowRuyHaTestApp" */;
			compatibilityVersion = "Xcode 14.0";
			developmentRegion = en;
			hasScannedForEncodings = 0;
			knownRegions = (
				en,
				Base,
			);
			mainGroup = 70E1FC3D2974EEA400EC84D2;
			packageReferences = (
				70E1FC5D2974F0C200EC84D2 /* XCRemoteSwiftPackageReference "SnapKit" */,
			);
			productRefGroup = 70E1FC472974EEA400EC84D2 /* Products */;
			projectDirPath = "";
			projectRoot = "";
			targets = (
				70E1FC452974EEA400EC84D2 /* FlowRuyHaTestApp */,
			);
		};
/* End PBXProject section */

/* Begin PBXResourcesBuildPhase section */
		70E1FC442974EEA400EC84D2 /* Resources */ = {
			isa = PBXResourcesBuildPhase;
			buildActionMask = 2147483647;
			files = (
				70E1FC562974EEA500EC84D2 /* LaunchScreen.storyboard in Resources */,
				70E1FC532974EEA500EC84D2 /* Assets.xcassets in Resources */,
			);
			runOnlyForDeploymentPostprocessing = 0;
		};
/* End PBXResourcesBuildPhase section */

/* Begin PBXSourcesBuildPhase section */
		70E1FC422974EEA400EC84D2 /* Sources */ = {
			isa = PBXSourcesBuildPhase;
			buildActionMask = 2147483647;
			files = (
				70E1FC4E2974EEA400EC84D2 /* MainViewController.swift in Sources */,
				70F2B2C82975428A00476D48 /* MainTableViewCoustomCellModel.swift in Sources */,
				70F2B2D62976501200476D48 /* UINavigationController+.swift in Sources */,
				70E1FC4A2974EEA400EC84D2 /* AppDelegate.swift in Sources */,
				70F2B2CC29762F8700476D48 /* DetailCollectionViewCustomCell.swift in Sources */,
				70E1FC4C2974EEA400EC84D2 /* SceneDelegate.swift in Sources */,
				70F2B2D429764EA900476D48 /* Image+.swift in Sources */,
				70F2B2C32975149C00476D48 /* MainTableViewCustomCell.swift in Sources */,
				70F2B2CA2976166400476D48 /* DetailViewController.swift in Sources */,
			);
			runOnlyForDeploymentPostprocessing = 0;
		};
/* End PBXSourcesBuildPhase section */

/* Begin PBXVariantGroup section */
		70E1FC542974EEA500EC84D2 /* LaunchScreen.storyboard */ = {
			isa = PBXVariantGroup;
			children = (
				70E1FC552974EEA500EC84D2 /* Base */,
			);
			name = LaunchScreen.storyboard;
			sourceTree = "<group>";
		};
/* End PBXVariantGroup section */

/* Begin XCBuildConfiguration section */
		70E1FC582974EEA500EC84D2 /* Debug */ = {
			isa = XCBuildConfiguration;
			buildSettings = {
				ALWAYS_SEARCH_USER_PATHS = NO;
				CLANG_ANALYZER_NONNULL = YES;
				CLANG_ANALYZER_NUMBER_OBJECT_CONVERSION = YES_AGGRESSIVE;
				CLANG_CXX_LANGUAGE_STANDARD = "gnu++20";
				CLANG_ENABLE_MODULES = YES;
				CLANG_ENABLE_OBJC_ARC = YES;
				CLANG_ENABLE_OBJC_WEAK = YES;
				CLANG_WARN_BLOCK_CAPTURE_AUTORELEASING = YES;
				CLANG_WARN_BOOL_CONVERSION = YES;
				CLANG_WARN_COMMA = YES;
				CLANG_WARN_CONSTANT_CONVERSION = YES;
				CLANG_WARN_DEPRECATED_OBJC_IMPLEMENTATIONS = YES;
				CLANG_WARN_DIRECT_OBJC_ISA_USAGE = YES_ERROR;
				CLANG_WARN_DOCUMENTATION_COMMENTS = YES;
				CLANG_WARN_EMPTY_BODY = YES;
				CLANG_WARN_ENUM_CONVERSION = YES;
				CLANG_WARN_INFINITE_RECURSION = YES;
				CLANG_WARN_INT_CONVERSION = YES;
				CLANG_WARN_NON_LITERAL_NULL_CONVERSION = YES;
				CLANG_WARN_OBJC_IMPLICIT_RETAIN_SELF = YES;
				CLANG_WARN_OBJC_LITERAL_CONVERSION = YES;
				CLANG_WARN_OBJC_ROOT_CLASS = YES_ERROR;
				CLANG_WARN_QUOTED_INCLUDE_IN_FRAMEWORK_HEADER = YES;
				CLANG_WARN_RANGE_LOOP_ANALYSIS = YES;
				CLANG_WARN_STRICT_PROTOTYPES = YES;
				CLANG_WARN_SUSPICIOUS_MOVE = YES;
				CLANG_WARN_UNGUARDED_AVAILABILITY = YES_AGGRESSIVE;
				CLANG_WARN_UNREACHABLE_CODE = YES;
				CLANG_WARN__DUPLICATE_METHOD_MATCH = YES;
				COPY_PHASE_STRIP = NO;
				DEBUG_INFORMATION_FORMAT = dwarf;
				ENABLE_STRICT_OBJC_MSGSEND = YES;
				ENABLE_TESTABILITY = YES;
				GCC_C_LANGUAGE_STANDARD = gnu11;
				GCC_DYNAMIC_NO_PIC = NO;
				GCC_NO_COMMON_BLOCKS = YES;
				GCC_OPTIMIZATION_LEVEL = 0;
				GCC_PREPROCESSOR_DEFINITIONS = (
					"DEBUG=1",
					"$(inherited)",
				);
				GCC_WARN_64_TO_32_BIT_CONVERSION = YES;
				GCC_WARN_ABOUT_RETURN_TYPE = YES_ERROR;
				GCC_WARN_UNDECLARED_SELECTOR = YES;
				GCC_WARN_UNINITIALIZED_AUTOS = YES_AGGRESSIVE;
				GCC_WARN_UNUSED_FUNCTION = YES;
				GCC_WARN_UNUSED_VARIABLE = YES;
				IPHONEOS_DEPLOYMENT_TARGET = 16.0;
				MTL_ENABLE_DEBUG_INFO = INCLUDE_SOURCE;
				MTL_FAST_MATH = YES;
				ONLY_ACTIVE_ARCH = YES;
				SDKROOT = iphoneos;
				SWIFT_ACTIVE_COMPILATION_CONDITIONS = DEBUG;
				SWIFT_OPTIMIZATION_LEVEL = "-Onone";
			};
			name = Debug;
		};
		70E1FC592974EEA500EC84D2 /* Release */ = {
			isa = XCBuildConfiguration;
			buildSettings = {
				ALWAYS_SEARCH_USER_PATHS = NO;
				CLANG_ANALYZER_NONNULL = YES;
				CLANG_ANALYZER_NUMBER_OBJECT_CONVERSION = YES_AGGRESSIVE;
				CLANG_CXX_LANGUAGE_STANDARD = "gnu++20";
				CLANG_ENABLE_MODULES = YES;
				CLANG_ENABLE_OBJC_ARC = YES;
				CLANG_ENABLE_OBJC_WEAK = YES;
				CLANG_WARN_BLOCK_CAPTURE_AUTORELEASING = YES;
				CLANG_WARN_BOOL_CONVERSION = YES;
				CLANG_WARN_COMMA = YES;
				CLANG_WARN_CONSTANT_CONVERSION = YES;
				CLANG_WARN_DEPRECATED_OBJC_IMPLEMENTATIONS = YES;
				CLANG_WARN_DIRECT_OBJC_ISA_USAGE = YES_ERROR;
				CLANG_WARN_DOCUMENTATION_COMMENTS = YES;
				CLANG_WARN_EMPTY_BODY = YES;
				CLANG_WARN_ENUM_CONVERSION = YES;
				CLANG_WARN_INFINITE_RECURSION = YES;
				CLANG_WARN_INT_CONVERSION = YES;
				CLANG_WARN_NON_LITERAL_NULL_CONVERSION = YES;
				CLANG_WARN_OBJC_IMPLICIT_RETAIN_SELF = YES;
				CLANG_WARN_OBJC_LITERAL_CONVERSION = YES;
				CLANG_WARN_OBJC_ROOT_CLASS = YES_ERROR;
				CLANG_WARN_QUOTED_INCLUDE_IN_FRAMEWORK_HEADER = YES;
				CLANG_WARN_RANGE_LOOP_ANALYSIS = YES;
				CLANG_WARN_STRICT_PROTOTYPES = YES;
				CLANG_WARN_SUSPICIOUS_MOVE = YES;
				CLANG_WARN_UNGUARDED_AVAILABILITY = YES_AGGRESSIVE;
				CLANG_WARN_UNREACHABLE_CODE = YES;
				CLANG_WARN__DUPLICATE_METHOD_MATCH = YES;
				COPY_PHASE_STRIP = NO;
				DEBUG_INFORMATION_FORMAT = "dwarf-with-dsym";
				ENABLE_NS_ASSERTIONS = NO;
				ENABLE_STRICT_OBJC_MSGSEND = YES;
				GCC_C_LANGUAGE_STANDARD = gnu11;
				GCC_NO_COMMON_BLOCKS = YES;
				GCC_WARN_64_TO_32_BIT_CONVERSION = YES;
				GCC_WARN_ABOUT_RETURN_TYPE = YES_ERROR;
				GCC_WARN_UNDECLARED_SELECTOR = YES;
				GCC_WARN_UNINITIALIZED_AUTOS = YES_AGGRESSIVE;
				GCC_WARN_UNUSED_FUNCTION = YES;
				GCC_WARN_UNUSED_VARIABLE = YES;
				IPHONEOS_DEPLOYMENT_TARGET = 16.0;
				MTL_ENABLE_DEBUG_INFO = NO;
				MTL_FAST_MATH = YES;
				SDKROOT = iphoneos;
				SWIFT_COMPILATION_MODE = wholemodule;
				SWIFT_OPTIMIZATION_LEVEL = "-O";
				VALIDATE_PRODUCT = YES;
			};
			name = Release;
		};
		70E1FC5B2974EEA500EC84D2 /* Debug */ = {
			isa = XCBuildConfiguration;
			buildSettings = {
				ASSETCATALOG_COMPILER_APPICON_NAME = AppIcon;
				ASSETCATALOG_COMPILER_GLOBAL_ACCENT_COLOR_NAME = AccentColor;
				CODE_SIGN_STYLE = Automatic;
				CURRENT_PROJECT_VERSION = 1;
				DEVELOPMENT_TEAM = ML59XN7A6B;
				GENERATE_INFOPLIST_FILE = YES;
				INFOPLIST_FILE = FlowRuyHaTestApp/Info.plist;
				INFOPLIST_KEY_CFBundleDisplayName = "iOS 채용 과제";
				INFOPLIST_KEY_NSPhotoLibraryUsageDescription = "사진 접근 권한이 필요합니다.";
				INFOPLIST_KEY_UIApplicationSupportsIndirectInputEvents = YES;
				INFOPLIST_KEY_UILaunchStoryboardName = LaunchScreen;
				INFOPLIST_KEY_UISupportedInterfaceOrientations = UIInterfaceOrientationPortrait;
				INFOPLIST_KEY_UISupportedInterfaceOrientations_iPad = "UIInterfaceOrientationLandscapeLeft UIInterfaceOrientationLandscapeRight UIInterfaceOrientationPortrait UIInterfaceOrientationPortraitUpsideDown";
				LD_RUNPATH_SEARCH_PATHS = (
					"$(inherited)",
					"@executable_path/Frameworks",
				);
				MARKETING_VERSION = 1.0;
				PRODUCT_BUNDLE_IDENTIFIER = Ruyha.FlowRuyHaTestApp;
				PRODUCT_NAME = "$(TARGET_NAME)";
				SUPPORTED_PLATFORMS = "iphoneos iphonesimulator";
				SUPPORTS_MACCATALYST = NO;
				SUPPORTS_MAC_DESIGNED_FOR_IPHONE_IPAD = NO;
				SWIFT_EMIT_LOC_STRINGS = YES;
				SWIFT_VERSION = 5.0;
				TARGETED_DEVICE_FAMILY = 1;
			};
			name = Debug;
		};
		70E1FC5C2974EEA500EC84D2 /* Release */ = {
			isa = XCBuildConfiguration;
			buildSettings = {
				ASSETCATALOG_COMPILER_APPICON_NAME = AppIcon;
				ASSETCATALOG_COMPILER_GLOBAL_ACCENT_COLOR_NAME = AccentColor;
				CODE_SIGN_STYLE = Automatic;
				CURRENT_PROJECT_VERSION = 1;
				DEVELOPMENT_TEAM = ML59XN7A6B;
				GENERATE_INFOPLIST_FILE = YES;
				INFOPLIST_FILE = FlowRuyHaTestApp/Info.plist;
				INFOPLIST_KEY_CFBundleDisplayName = "iOS 채용 과제";
				INFOPLIST_KEY_NSPhotoLibraryUsageDescription = "사진 접근 권한이 필요합니다.";
				INFOPLIST_KEY_UIApplicationSupportsIndirectInputEvents = YES;
				INFOPLIST_KEY_UILaunchStoryboardName = LaunchScreen;
				INFOPLIST_KEY_UISupportedInterfaceOrientations = UIInterfaceOrientationPortrait;
				INFOPLIST_KEY_UISupportedInterfaceOrientations_iPad = "UIInterfaceOrientationLandscapeLeft UIInterfaceOrientationLandscapeRight UIInterfaceOrientationPortrait UIInterfaceOrientationPortraitUpsideDown";
				LD_RUNPATH_SEARCH_PATHS = (
					"$(inherited)",
					"@executable_path/Frameworks",
				);
				MARKETING_VERSION = 1.0;
				PRODUCT_BUNDLE_IDENTIFIER = Ruyha.FlowRuyHaTestApp;
				PRODUCT_NAME = "$(TARGET_NAME)";
				SUPPORTED_PLATFORMS = "iphoneos iphonesimulator";
				SUPPORTS_MACCATALYST = NO;
				SUPPORTS_MAC_DESIGNED_FOR_IPHONE_IPAD = NO;
				SWIFT_EMIT_LOC_STRINGS = YES;
				SWIFT_VERSION = 5.0;
				TARGETED_DEVICE_FAMILY = 1;
			};
			name = Release;
		};
/* End XCBuildConfiguration section */

/* Begin XCConfigurationList section */
		70E1FC412974EEA400EC84D2 /* Build configuration list for PBXProject "FlowRuyHaTestApp" */ = {
			isa = XCConfigurationList;
			buildConfigurations = (
				70E1FC582974EEA500EC84D2 /* Debug */,
				70E1FC592974EEA500EC84D2 /* Release */,
			);
			defaultConfigurationIsVisible = 0;
			defaultConfigurationName = Release;
		};
		70E1FC5A2974EEA500EC84D2 /* Build configuration list for PBXNativeTarget "FlowRuyHaTestApp" */ = {
			isa = XCConfigurationList;
			buildConfigurations = (
				70E1FC5B2974EEA500EC84D2 /* Debug */,
				70E1FC5C2974EEA500EC84D2 /* Release */,
			);
			defaultConfigurationIsVisible = 0;
			defaultConfigurationName = Release;
		};
/* End XCConfigurationList section */

/* Begin XCRemoteSwiftPackageReference section */
		70E1FC5D2974F0C200EC84D2 /* XCRemoteSwiftPackageReference "SnapKit" */ = {
			isa = XCRemoteSwiftPackageReference;
			repositoryURL = "https://github.com/SnapKit/SnapKit";
			requirement = {
				branch = develop;
				kind = branch;
			};
		};
/* End XCRemoteSwiftPackageReference section */

/* Begin XCSwiftPackageProductDependency section */
		70E1FC5E2974F0C200EC84D2 /* SnapKit */ = {
			isa = XCSwiftPackageProductDependency;
			package = 70E1FC5D2974F0C200EC84D2 /* XCRemoteSwiftPackageReference "SnapKit" */;
			productName = SnapKit;
		};
/* End XCSwiftPackageProductDependency section */
	};
	rootObject = 70E1FC3E2974EEA400EC84D2 /* Project object */;
}
